
Microsoft Visual Studio Solution File, Format Version 12.00
# Visual Studio 2013
VisualStudioVersion = 12.0.31101.0
MinimumVisualStudioVersion = 10.0.40219.1
Project("{FAE04EC0-301F-11D3-BF4B-00C04F79EFBC}") = "MyPortfolio", "MyPortfolio\MyPortfolio.csproj", "{F5B357C5-BEC7-4380-B7C7-01F44B8D43AB}"
EndProject
Project("{2150E333-8FDC-42A3-9474-1A3956D46DE8}") = "PublishScripts", "PublishScripts", "{27A0AC0B-9660-4495-B7FD-023F9F56B01A}"
	ProjectSection(SolutionItems) = preProject
		PublishScripts\AzureWebsitePublishModule.psm1 = PublishScripts\AzureWebsitePublishModule.psm1
		PublishScripts\Publish-WebApplicationWebsite.ps1 = PublishScripts\Publish-WebApplicationWebsite.ps1
	EndProjectSection
EndProject
Project("{2150E333-8FDC-42A3-9474-1A3956D46DE8}") = "Configurations", "Configurations", "{876A15FA-7AC0-4607-B765-F3FEA645A4E6}"
	ProjectSection(SolutionItems) = preProject
		PublishScripts\Configurations\MyPortfolio-WAWS-dev.json = PublishScripts\Configurations\MyPortfolio-WAWS-dev.json
	EndProjectSection
EndProject
Global
	GlobalSection(SolutionConfigurationPlatforms) = preSolution
		Debug|Any CPU = Debug|Any CPU
		Release|Any CPU = Release|Any CPU
	EndGlobalSection
	GlobalSection(ProjectConfigurationPlatforms) = postSolution
		{F5B357C5-BEC7-4380-B7C7-01F44B8D43AB}.Debug|Any CPU.ActiveCfg = Debug|Any CPU
		{F5B357C5-BEC7-4380-B7C7-01F44B8D43AB}.Debug|Any CPU.Build.0 = Debug|Any CPU
		{F5B357C5-BEC7-4380-B7C7-01F44B8D43AB}.Release|Any CPU.ActiveCfg = Release|Any CPU
		{F5B357C5-BEC7-4380-B7C7-01F44B8D43AB}.Release|Any CPU.Build.0 = Release|Any CPU
	EndGlobalSection
	GlobalSection(SolutionProperties) = preSolution
		HideSolutionNode = FALSE
	EndGlobalSection
	GlobalSection(NestedProjects) = preSolution
		{876A15FA-7AC0-4607-B765-F3FEA645A4E6} = {27A0AC0B-9660-4495-B7FD-023F9F56B01A}
	EndGlobalSection
EndGlobal
